
Microsoft Visual Studio Solution File, Format Version 12.00
# Visual Studio Version 17
VisualStudioVersion = 17.2.32526.322
MinimumVisualStudioVersion = 10.0.40219.1
Project("{9A19103F-16F7-4668-BE54-9A1E7A4F7556}") = "XDef", "XDef.csproj", "{5DCB5389-2AB1-4C26-99E7-D0354BF2FE54}"
EndProject
Global
	GlobalSection(SolutionConfigurationPlatforms) = preSolution
		Debug|Any CPU = Debug|Any CPU
		Release|Any CPU = Release|Any CPU
	EndGlobalSection
	GlobalSection(ProjectConfigurationPlatforms) = postSolution
		{5DCB5389-2AB1-4C26-99E7-D0354BF2FE54}.Debug|Any CPU.ActiveCfg = Debug|Any CPU
		{5DCB5389-2AB1-4C26-99E7-D0354BF2FE54}.Debug|Any CPU.Build.0 = Debug|Any CPU
		{5DCB5389-2AB1-4C26-99E7-D0354BF2FE54}.Release|Any CPU.ActiveCfg = Release|Any CPU
		{5DCB5389-2AB1-4C26-99E7-D0354BF2FE54}.Release|Any CPU.Build.0 = Release|Any CPU
	EndGlobalSection
	GlobalSection(SolutionProperties) = preSolution
		HideSolutionNode = FALSE
	EndGlobalSection
	GlobalSection(ExtensibilityGlobals) = postSolution
		SolutionGuid = {AC2F4E40-121E-445B-A22F-01472FC2ED85}
	EndGlobalSection
EndGlobal
